
Microsoft Visual Studio Solution File, Format Version 12.00
# Visual Studio 14
VisualStudioVersion = 14.0.24720.0
MinimumVisualStudioVersion = 10.0.40219.1
Project("{FAE04EC0-301F-11D3-BF4B-00C04F79EFBC}") = "MyApp", "MyApp\MyApp.csproj", "{E78620CD-2866-4327-875B-79FCE8AE4136}"
EndProject
Project("{FAE04EC0-301F-11D3-BF4B-00C04F79EFBC}") = "Biblio", "Biblio\Biblio.csproj", "{087CAF5B-E6CD-4ED8-9C1B-2BBF4A29A649}"
EndProject
Project("{FAE04EC0-301F-11D3-BF4B-00C04F79EFBC}") = "MainTest", "MainTest\MainTest.csproj", "{701788B0-1450-457C-8757-6223E10AEE76}"
EndProject
Global
	GlobalSection(SolutionConfigurationPlatforms) = preSolution
		Debug|Any CPU = Debug|Any CPU
		Release|Any CPU = Release|Any CPU
	EndGlobalSection
	GlobalSection(ProjectConfigurationPlatforms) = postSolution
		{E78620CD-2866-4327-875B-79FCE8AE4136}.Debug|Any CPU.ActiveCfg = Debug|Any CPU
		{E78620CD-2866-4327-875B-79FCE8AE4136}.Debug|Any CPU.Build.0 = Debug|Any CPU
		{E78620CD-2866-4327-875B-79FCE8AE4136}.Release|Any CPU.ActiveCfg = Release|Any CPU
		{E78620CD-2866-4327-875B-79FCE8AE4136}.Release|Any CPU.Build.0 = Release|Any CPU
		{087CAF5B-E6CD-4ED8-9C1B-2BBF4A29A649}.Debug|Any CPU.ActiveCfg = Debug|Any CPU
		{087CAF5B-E6CD-4ED8-9C1B-2BBF4A29A649}.Debug|Any CPU.Build.0 = Debug|Any CPU
		{087CAF5B-E6CD-4ED8-9C1B-2BBF4A29A649}.Release|Any CPU.ActiveCfg = Release|Any CPU
		{087CAF5B-E6CD-4ED8-9C1B-2BBF4A29A649}.Release|Any CPU.Build.0 = Release|Any CPU
		{701788B0-1450-457C-8757-6223E10AEE76}.Debug|Any CPU.ActiveCfg = Debug|Any CPU
		{701788B0-1450-457C-8757-6223E10AEE76}.Debug|Any CPU.Build.0 = Debug|Any CPU
		{701788B0-1450-457C-8757-6223E10AEE76}.Release|Any CPU.ActiveCfg = Release|Any CPU
		{701788B0-1450-457C-8757-6223E10AEE76}.Release|Any CPU.Build.0 = Release|Any CPU
	EndGlobalSection
	GlobalSection(SolutionProperties) = preSolution
		HideSolutionNode = FALSE
	EndGlobalSection
EndGlobal
