
Microsoft Visual Studio Solution File, Format Version 12.00
# Visual Studio 15
VisualStudioVersion = 15.0.26430.4
MinimumVisualStudioVersion = 10.0.40219.1
Project("{FAE04EC0-301F-11D3-BF4B-00C04F79EFBC}") = "MyApp", "MyApp\MyApp.csproj", "{E78620CD-2866-4327-875B-79FCE8AE4136}"
EndProject
Project("{FAE04EC0-301F-11D3-BF4B-00C04F79EFBC}") = "Biblio", "Biblio\Biblio.csproj", "{087CAF5B-E6CD-4ED8-9C1B-2BBF4A29A649}"
EndProject
Project("{FAE04EC0-301F-11D3-BF4B-00C04F79EFBC}") = "MainTest", "MainTest\MainTest.csproj", "{701788B0-1450-457C-8757-6223E10AEE76}"
EndProject
Project("{FAE04EC0-301F-11D3-BF4B-00C04F79EFBC}") = "Stub", "Stub\Stub.csproj", "{27F289E9-B424-44B2-9B50-E13DB6C0F0A5}"
EndProject
Project("{FAE04EC0-301F-11D3-BF4B-00C04F79EFBC}") = "BackEnd", "BackEnd\BackEnd.csproj", "{19EC50A4-46B2-4844-B86F-C63C41AF40CF}"
EndProject
Project("{54435603-DBB4-11D2-8724-00A0C9A8B90C}") = "Setup", "Setup\Setup.vdproj", "{B2CCD0B5-9840-4E17-8B01-816BF0D83601}"
EndProject
Global
	GlobalSection(SolutionConfigurationPlatforms) = preSolution
		Debug|Any CPU = Debug|Any CPU
		Debug|ARM = Debug|ARM
		Debug|x64 = Debug|x64
		Debug|x86 = Debug|x86
		Release|Any CPU = Release|Any CPU
		Release|ARM = Release|ARM
		Release|x64 = Release|x64
		Release|x86 = Release|x86
	EndGlobalSection
	GlobalSection(ProjectConfigurationPlatforms) = postSolution
		{E78620CD-2866-4327-875B-79FCE8AE4136}.Debug|Any CPU.ActiveCfg = Debug|Any CPU
		{E78620CD-2866-4327-875B-79FCE8AE4136}.Debug|Any CPU.Build.0 = Debug|Any CPU
		{E78620CD-2866-4327-875B-79FCE8AE4136}.Debug|ARM.ActiveCfg = Debug|Any CPU
		{E78620CD-2866-4327-875B-79FCE8AE4136}.Debug|ARM.Build.0 = Debug|Any CPU
		{E78620CD-2866-4327-875B-79FCE8AE4136}.Debug|x64.ActiveCfg = Debug|Any CPU
		{E78620CD-2866-4327-875B-79FCE8AE4136}.Debug|x64.Build.0 = Debug|Any CPU
		{E78620CD-2866-4327-875B-79FCE8AE4136}.Debug|x86.ActiveCfg = Debug|Any CPU
		{E78620CD-2866-4327-875B-79FCE8AE4136}.Debug|x86.Build.0 = Debug|Any CPU
		{E78620CD-2866-4327-875B-79FCE8AE4136}.Release|Any CPU.ActiveCfg = Release|Any CPU
		{E78620CD-2866-4327-875B-79FCE8AE4136}.Release|Any CPU.Build.0 = Release|Any CPU
		{E78620CD-2866-4327-875B-79FCE8AE4136}.Release|ARM.ActiveCfg = Release|Any CPU
		{E78620CD-2866-4327-875B-79FCE8AE4136}.Release|ARM.Build.0 = Release|Any CPU
		{E78620CD-2866-4327-875B-79FCE8AE4136}.Release|x64.ActiveCfg = Release|Any CPU
		{E78620CD-2866-4327-875B-79FCE8AE4136}.Release|x64.Build.0 = Release|Any CPU
		{E78620CD-2866-4327-875B-79FCE8AE4136}.Release|x86.ActiveCfg = Release|Any CPU
		{E78620CD-2866-4327-875B-79FCE8AE4136}.Release|x86.Build.0 = Release|Any CPU
		{087CAF5B-E6CD-4ED8-9C1B-2BBF4A29A649}.Debug|Any CPU.ActiveCfg = Debug|Any CPU
		{087CAF5B-E6CD-4ED8-9C1B-2BBF4A29A649}.Debug|Any CPU.Build.0 = Debug|Any CPU
		{087CAF5B-E6CD-4ED8-9C1B-2BBF4A29A649}.Debug|ARM.ActiveCfg = Debug|Any CPU
		{087CAF5B-E6CD-4ED8-9C1B-2BBF4A29A649}.Debug|ARM.Build.0 = Debug|Any CPU
		{087CAF5B-E6CD-4ED8-9C1B-2BBF4A29A649}.Debug|x64.ActiveCfg = Debug|Any CPU
		{087CAF5B-E6CD-4ED8-9C1B-2BBF4A29A649}.Debug|x64.Build.0 = Debug|Any CPU
		{087CAF5B-E6CD-4ED8-9C1B-2BBF4A29A649}.Debug|x86.ActiveCfg = Debug|Any CPU
		{087CAF5B-E6CD-4ED8-9C1B-2BBF4A29A649}.Debug|x86.Build.0 = Debug|Any CPU
		{087CAF5B-E6CD-4ED8-9C1B-2BBF4A29A649}.Release|Any CPU.ActiveCfg = Release|Any CPU
		{087CAF5B-E6CD-4ED8-9C1B-2BBF4A29A649}.Release|Any CPU.Build.0 = Release|Any CPU
		{087CAF5B-E6CD-4ED8-9C1B-2BBF4A29A649}.Release|ARM.ActiveCfg = Release|Any CPU
		{087CAF5B-E6CD-4ED8-9C1B-2BBF4A29A649}.Release|ARM.Build.0 = Release|Any CPU
		{087CAF5B-E6CD-4ED8-9C1B-2BBF4A29A649}.Release|x64.ActiveCfg = Release|Any CPU
		{087CAF5B-E6CD-4ED8-9C1B-2BBF4A29A649}.Release|x64.Build.0 = Release|Any CPU
		{087CAF5B-E6CD-4ED8-9C1B-2BBF4A29A649}.Release|x86.ActiveCfg = Release|Any CPU
		{087CAF5B-E6CD-4ED8-9C1B-2BBF4A29A649}.Release|x86.Build.0 = Release|Any CPU
		{701788B0-1450-457C-8757-6223E10AEE76}.Debug|Any CPU.ActiveCfg = Debug|Any CPU
		{701788B0-1450-457C-8757-6223E10AEE76}.Debug|Any CPU.Build.0 = Debug|Any CPU
		{701788B0-1450-457C-8757-6223E10AEE76}.Debug|ARM.ActiveCfg = Debug|Any CPU
		{701788B0-1450-457C-8757-6223E10AEE76}.Debug|ARM.Build.0 = Debug|Any CPU
		{701788B0-1450-457C-8757-6223E10AEE76}.Debug|x64.ActiveCfg = Debug|Any CPU
		{701788B0-1450-457C-8757-6223E10AEE76}.Debug|x64.Build.0 = Debug|Any CPU
		{701788B0-1450-457C-8757-6223E10AEE76}.Debug|x86.ActiveCfg = Debug|Any CPU
		{701788B0-1450-457C-8757-6223E10AEE76}.Debug|x86.Build.0 = Debug|Any CPU
		{701788B0-1450-457C-8757-6223E10AEE76}.Release|Any CPU.ActiveCfg = Release|Any CPU
		{701788B0-1450-457C-8757-6223E10AEE76}.Release|Any CPU.Build.0 = Release|Any CPU
		{701788B0-1450-457C-8757-6223E10AEE76}.Release|ARM.ActiveCfg = Release|Any CPU
		{701788B0-1450-457C-8757-6223E10AEE76}.Release|ARM.Build.0 = Release|Any CPU
		{701788B0-1450-457C-8757-6223E10AEE76}.Release|x64.ActiveCfg = Release|Any CPU
		{701788B0-1450-457C-8757-6223E10AEE76}.Release|x64.Build.0 = Release|Any CPU
		{701788B0-1450-457C-8757-6223E10AEE76}.Release|x86.ActiveCfg = Release|Any CPU
		{701788B0-1450-457C-8757-6223E10AEE76}.Release|x86.Build.0 = Release|Any CPU
		{27F289E9-B424-44B2-9B50-E13DB6C0F0A5}.Debug|Any CPU.ActiveCfg = Debug|Any CPU
		{27F289E9-B424-44B2-9B50-E13DB6C0F0A5}.Debug|Any CPU.Build.0 = Debug|Any CPU
		{27F289E9-B424-44B2-9B50-E13DB6C0F0A5}.Debug|ARM.ActiveCfg = Debug|Any CPU
		{27F289E9-B424-44B2-9B50-E13DB6C0F0A5}.Debug|ARM.Build.0 = Debug|Any CPU
		{27F289E9-B424-44B2-9B50-E13DB6C0F0A5}.Debug|x64.ActiveCfg = Debug|Any CPU
		{27F289E9-B424-44B2-9B50-E13DB6C0F0A5}.Debug|x64.Build.0 = Debug|Any CPU
		{27F289E9-B424-44B2-9B50-E13DB6C0F0A5}.Debug|x86.ActiveCfg = Debug|Any CPU
		{27F289E9-B424-44B2-9B50-E13DB6C0F0A5}.Debug|x86.Build.0 = Debug|Any CPU
		{27F289E9-B424-44B2-9B50-E13DB6C0F0A5}.Release|Any CPU.ActiveCfg = Release|Any CPU
		{27F289E9-B424-44B2-9B50-E13DB6C0F0A5}.Release|Any CPU.Build.0 = Release|Any CPU
		{27F289E9-B424-44B2-9B50-E13DB6C0F0A5}.Release|ARM.ActiveCfg = Release|Any CPU
		{27F289E9-B424-44B2-9B50-E13DB6C0F0A5}.Release|ARM.Build.0 = Release|Any CPU
		{27F289E9-B424-44B2-9B50-E13DB6C0F0A5}.Release|x64.ActiveCfg = Release|Any CPU
		{27F289E9-B424-44B2-9B50-E13DB6C0F0A5}.Release|x64.Build.0 = Release|Any CPU
		{27F289E9-B424-44B2-9B50-E13DB6C0F0A5}.Release|x86.ActiveCfg = Release|Any CPU
		{27F289E9-B424-44B2-9B50-E13DB6C0F0A5}.Release|x86.Build.0 = Release|Any CPU
		{19EC50A4-46B2-4844-B86F-C63C41AF40CF}.Debug|Any CPU.ActiveCfg = Debug|Any CPU
		{19EC50A4-46B2-4844-B86F-C63C41AF40CF}.Debug|Any CPU.Build.0 = Debug|Any CPU
		{19EC50A4-46B2-4844-B86F-C63C41AF40CF}.Debug|ARM.ActiveCfg = Debug|Any CPU
		{19EC50A4-46B2-4844-B86F-C63C41AF40CF}.Debug|ARM.Build.0 = Debug|Any CPU
		{19EC50A4-46B2-4844-B86F-C63C41AF40CF}.Debug|x64.ActiveCfg = Debug|Any CPU
		{19EC50A4-46B2-4844-B86F-C63C41AF40CF}.Debug|x64.Build.0 = Debug|Any CPU
		{19EC50A4-46B2-4844-B86F-C63C41AF40CF}.Debug|x86.ActiveCfg = Debug|Any CPU
		{19EC50A4-46B2-4844-B86F-C63C41AF40CF}.Debug|x86.Build.0 = Debug|Any CPU
		{19EC50A4-46B2-4844-B86F-C63C41AF40CF}.Release|Any CPU.ActiveCfg = Release|Any CPU
		{19EC50A4-46B2-4844-B86F-C63C41AF40CF}.Release|Any CPU.Build.0 = Release|Any CPU
		{19EC50A4-46B2-4844-B86F-C63C41AF40CF}.Release|ARM.ActiveCfg = Release|Any CPU
		{19EC50A4-46B2-4844-B86F-C63C41AF40CF}.Release|ARM.Build.0 = Release|Any CPU
		{19EC50A4-46B2-4844-B86F-C63C41AF40CF}.Release|x64.ActiveCfg = Release|Any CPU
		{19EC50A4-46B2-4844-B86F-C63C41AF40CF}.Release|x64.Build.0 = Release|Any CPU
		{19EC50A4-46B2-4844-B86F-C63C41AF40CF}.Release|x86.ActiveCfg = Release|Any CPU
		{19EC50A4-46B2-4844-B86F-C63C41AF40CF}.Release|x86.Build.0 = Release|Any CPU
		{B2CCD0B5-9840-4E17-8B01-816BF0D83601}.Debug|Any CPU.ActiveCfg = Debug
		{B2CCD0B5-9840-4E17-8B01-816BF0D83601}.Debug|ARM.ActiveCfg = Debug
		{B2CCD0B5-9840-4E17-8B01-816BF0D83601}.Debug|x64.ActiveCfg = Debug
		{B2CCD0B5-9840-4E17-8B01-816BF0D83601}.Debug|x86.ActiveCfg = Debug
		{B2CCD0B5-9840-4E17-8B01-816BF0D83601}.Release|Any CPU.ActiveCfg = Release
		{B2CCD0B5-9840-4E17-8B01-816BF0D83601}.Release|ARM.ActiveCfg = Release
		{B2CCD0B5-9840-4E17-8B01-816BF0D83601}.Release|x64.ActiveCfg = Release
		{B2CCD0B5-9840-4E17-8B01-816BF0D83601}.Release|x86.ActiveCfg = Release
	EndGlobalSection
	GlobalSection(SolutionProperties) = preSolution
		HideSolutionNode = FALSE
	EndGlobalSection
EndGlobal
